
Microsoft Visual Studio Solution File, Format Version 12.00
# Visual Studio Version 16
VisualStudioVersion = 16.0.31911.196
MinimumVisualStudioVersion = 10.0.40219.1
Project("{FAE04EC0-301F-11D3-BF4B-00C04F79EFBC}") = "Tema2Classes", "Tema2Classes\Tema2Classes.csproj", "{DCC4FC9C-912D-46C2-8A4E-1CCCA1D53950}"
EndProject
Global
	GlobalSection(SolutionConfigurationPlatforms) = preSolution
		Debug|Any CPU = Debug|Any CPU
		Release|Any CPU = Release|Any CPU
	EndGlobalSection
	GlobalSection(ProjectConfigurationPlatforms) = postSolution
		{DCC4FC9C-912D-46C2-8A4E-1CCCA1D53950}.Debug|Any CPU.ActiveCfg = Debug|Any CPU
		{DCC4FC9C-912D-46C2-8A4E-1CCCA1D53950}.Debug|Any CPU.Build.0 = Debug|Any CPU
		{DCC4FC9C-912D-46C2-8A4E-1CCCA1D53950}.Release|Any CPU.ActiveCfg = Release|Any CPU
		{DCC4FC9C-912D-46C2-8A4E-1CCCA1D53950}.Release|Any CPU.Build.0 = Release|Any CPU
	EndGlobalSection
	GlobalSection(SolutionProperties) = preSolution
		HideSolutionNode = FALSE
	EndGlobalSection
	GlobalSection(ExtensibilityGlobals) = postSolution
		SolutionGuid = {CF436621-B58A-472F-8C7F-709C14EAC337}
	EndGlobalSection
EndGlobal
